github.com/coder/websocket v1.8.15 h1:6B2JPeOGlpff2Uz6vOEH1Vzpi0iUz20A+lPVhPHtNUA=
github.com/coder/websocket v1.8.15/go.mod h1:NX3SzP+inril6yawo5CQXx8+fk145lPDC6pumgx0mVg=
github.com/lukirs95/gojsonrpc/v2 v2.0.1 h1:bKJfu9aRBqwBpQzP1Sv4HHHHqGTviik4so4aPuCoLCw=
github.com/lukirs95/gojsonrpc/v2 v2.0.1/go.mod h1:PPNCbnuXZVRey/k9e3CAR3reJY8/MOslBnZp+goSTdo=
